// !$*UTF8*$!
{
	archiveVersion = 1;
	classes = {
	};
	objectVersion = 46;
	objects = {

/* Begin PBXBuildFile section */
		F86A940A1BFCDD1E00AF9B92 /* Meme.swift in Sources */ = {isa = PBXBuildFile; fileRef = F86A94091BFCDD1E00AF9B92 /* Meme.swift */; };
		F86BD5F81BE65ADB0032E2C9 /* AppDelegate.swift in Sources */ = {isa = PBXBuildFile; fileRef = F86BD5F71BE65ADB0032E2C9 /* AppDelegate.swift */; };
		F86BD5FA1BE65ADB0032E2C9 /* MemeEditorViewController.swift in Sources */ = {isa = PBXBuildFile; fileRef = F86BD5F91BE65ADB0032E2C9 /* MemeEditorViewController.swift */; };
		F86BD5FD1BE65ADB0032E2C9 /* Main.storyboard in Resources */ = {isa = PBXBuildFile; fileRef = F86BD5FB1BE65ADB0032E2C9 /* Main.storyboard */; };
		F86BD6001BE65ADB0032E2C9 /* ImagePickerExperiment.xcdatamodeld in Sources */ = {isa = PBXBuildFile; fileRef = F86BD5FE1BE65ADB0032E2C9 /* ImagePickerExperiment.xcdatamodeld */; };
		F86BD6051BE65ADB0032E2C9 /* LaunchScreen.storyboard in Resources */ = {isa = PBXBuildFile; fileRef = F86BD6031BE65ADB0032E2C9 /* LaunchScreen.storyboard */; };
		F86BD60E1BE92A130032E2C9 /* TextFieldDelegate.swift in Sources */ = {isa = PBXBuildFile; fileRef = F86BD60D1BE92A130032E2C9 /* TextFieldDelegate.swift */; };
		F87B6CD81C29A8F700D2C458 /* MemeCollectionViewController.swift in Sources */ = {isa = PBXBuildFile; fileRef = F87B6CD71C29A8F700D2C458 /* MemeCollectionViewController.swift */; };
		F87B6CDA1C29A90700D2C458 /* MemeTableViewController.swift in Sources */ = {isa = PBXBuildFile; fileRef = F87B6CD91C29A90700D2C458 /* MemeTableViewController.swift */; };
		F87B6CDC1C29BD4100D2C458 /* MemeDetailViewController.swift in Sources */ = {isa = PBXBuildFile; fileRef = F87B6CDB1C29BD4100D2C458 /* MemeDetailViewController.swift */; };
		F87B6CDF1C29BDE400D2C458 /* MemeCollectionViewCell.swift in Sources */ = {isa = PBXBuildFile; fileRef = F87B6CDE1C29BDE400D2C458 /* MemeCollectionViewCell.swift */; };
		F87B6CE21C29BE9000D2C458 /* MemeTableViewCell.swift in Sources */ = {isa = PBXBuildFile; fileRef = F87B6CE11C29BE9000D2C458 /* MemeTableViewCell.swift */; };
		F8A48F2D1C2DE1120060C0FE /* Assets.xcassets in Resources */ = {isa = PBXBuildFile; fileRef = F8A48F2C1C2DE1120060C0FE /* Assets.xcassets */; };
/* End PBXBuildFile section */

/* Begin PBXFileReference section */
		F86A94091BFCDD1E00AF9B92 /* Meme.swift */ = {isa = PBXFileReference; fileEncoding = 4; lastKnownFileType = sourcecode.swift; name = Meme.swift; path = ImagePickerExperiment/Meme.swift; sourceTree = "<group>"; };
		F86BD5F41BE65ADB0032E2C9 /* ImagePickerExperiment.app */ = {isa = PBXFileReference; explicitFileType = wrapper.application; includeInIndex = 0; path = ImagePickerExperiment.app; sourceTree = BUILT_PRODUCTS_DIR; };
		F86BD5F71BE65ADB0032E2C9 /* AppDelegate.swift */ = {isa = PBXFileReference; lastKnownFileType = sourcecode.swift; path = AppDelegate.swift; sourceTree = "<group>"; };
		F86BD5F91BE65ADB0032E2C9 /* MemeEditorViewController.swift */ = {isa = PBXFileReference; lastKnownFileType = sourcecode.swift; name = MemeEditorViewController.swift; path = ImagePickerExperiment/MemeEditorViewController.swift; sourceTree = "<group>"; };
		F86BD5FC1BE65ADB0032E2C9 /* Base */ = {isa = PBXFileReference; lastKnownFileType = file.storyboard; name = Base; path = Base.lproj/Main.storyboard; sourceTree = "<group>"; };
		F86BD5FF1BE65ADB0032E2C9 /* ImagePickerExperiment.xcdatamodel */ = {isa = PBXFileReference; lastKnownFileType = wrapper.xcdatamodel; path = ImagePickerExperiment.xcdatamodel; sourceTree = "<group>"; };
		F86BD6041BE65ADB0032E2C9 /* Base */ = {isa = PBXFileReference; lastKnownFileType = file.storyboard; name = Base; path = Base.lproj/LaunchScreen.storyboard; sourceTree = "<group>"; };
		F86BD6061BE65ADB0032E2C9 /* Info.plist */ = {isa = PBXFileReference; lastKnownFileType = text.plist.xml; path = Info.plist; sourceTree = "<group>"; };
		F86BD60D1BE92A130032E2C9 /* TextFieldDelegate.swift */ = {isa = PBXFileReference; fileEncoding = 4; lastKnownFileType = sourcecode.swift; path = TextFieldDelegate.swift; sourceTree = "<group>"; };
		F87B6CD71C29A8F700D2C458 /* MemeCollectionViewController.swift */ = {isa = PBXFileReference; fileEncoding = 4; lastKnownFileType = sourcecode.swift; name = MemeCollectionViewController.swift; path = ImagePickerExperiment/MemeCollectionViewController.swift; sourceTree = "<group>"; };
		F87B6CD91C29A90700D2C458 /* MemeTableViewController.swift */ = {isa = PBXFileReference; fileEncoding = 4; lastKnownFileType = sourcecode.swift; name = MemeTableViewController.swift; path = ImagePickerExperiment/MemeTableViewController.swift; sourceTree = "<group>"; };
		F87B6CDB1C29BD4100D2C458 /* MemeDetailViewController.swift */ = {isa = PBXFileReference; fileEncoding = 4; lastKnownFileType = sourcecode.swift; path = MemeDetailViewController.swift; sourceTree = "<group>"; };
		F87B6CDE1C29BDE400D2C458 /* MemeCollectionViewCell.swift */ = {isa = PBXFileReference; fileEncoding = 4; lastKnownFileType = sourcecode.swift; path = MemeCollectionViewCell.swift; sourceTree = "<group>"; };
		F87B6CE11C29BE9000D2C458 /* MemeTableViewCell.swift */ = {isa = PBXFileReference; fileEncoding = 4; lastKnownFileType = sourcecode.swift; path = MemeTableViewCell.swift; sourceTree = "<group>"; };
		F8A48F2C1C2DE1120060C0FE /* Assets.xcassets */ = {isa = PBXFileReference; lastKnownFileType = folder.assetcatalog; path = Assets.xcassets; sourceTree = "<group>"; };
/* End PBXFileReference section */

/* Begin PBXFrameworksBuildPhase section */
		F86BD5F11BE65ADB0032E2C9 /* Frameworks */ = {
			isa = PBXFrameworksBuildPhase;
			buildActionMask = 2147483647;
			files = (
			);
			runOnlyForDeploymentPostprocessing = 0;
		};
/* End PBXFrameworksBuildPhase section */

/* Begin PBXGroup section */
		F86BD5EB1BE65ADB0032E2C9 = {
			isa = PBXGroup;
			children = (
				F87B6CE51C29BEE400D2C458 /* Model */,
				F87B6CE41C29BECE00D2C458 /* EditorView */,
				F87B6CE31C29BEBE00D2C458 /* Detail */,
				F87B6CE01C29BE7A00D2C458 /* TableView */,
				F87B6CDD1C29BDC300D2C458 /* CollectionView */,
				F86BD60C1BE902430032E2C9 /* Delegates */,
				F86BD5F61BE65ADB0032E2C9 /* ImagePickerExperiment */,
				F86BD5F51BE65ADB0032E2C9 /* Products */,
			);
			sourceTree = "<group>";
		};
		F86BD5F51BE65ADB0032E2C9 /* Products */ = {
			isa = PBXGroup;
			children = (
				F86BD5F41BE65ADB0032E2C9 /* ImagePickerExperiment.app */,
			);
			name = Products;
			sourceTree = "<group>";
		};
		F86BD5F61BE65ADB0032E2C9 /* ImagePickerExperiment */ = {
			isa = PBXGroup;
			children = (
				F8A48F2C1C2DE1120060C0FE /* Assets.xcassets */,
				F86BD5F71BE65ADB0032E2C9 /* AppDelegate.swift */,
				F86BD5FB1BE65ADB0032E2C9 /* Main.storyboard */,
				F86BD6031BE65ADB0032E2C9 /* LaunchScreen.storyboard */,
				F86BD6061BE65ADB0032E2C9 /* Info.plist */,
				F86BD5FE1BE65ADB0032E2C9 /* ImagePickerExperiment.xcdatamodeld */,
			);
			path = ImagePickerExperiment;
			sourceTree = "<group>";
		};
		F86BD60C1BE902430032E2C9 /* Delegates */ = {
			isa = PBXGroup;
			children = (
				F86BD60D1BE92A130032E2C9 /* TextFieldDelegate.swift */,
			);
			name = Delegates;
			sourceTree = "<group>";
		};
		F87B6CDD1C29BDC300D2C458 /* CollectionView */ = {
			isa = PBXGroup;
			children = (
				F87B6CD71C29A8F700D2C458 /* MemeCollectionViewController.swift */,
				F87B6CDE1C29BDE400D2C458 /* MemeCollectionViewCell.swift */,
			);
			name = CollectionView;
			sourceTree = "<group>";
		};
		F87B6CE01C29BE7A00D2C458 /* TableView */ = {
			isa = PBXGroup;
			children = (
				F87B6CD91C29A90700D2C458 /* MemeTableViewController.swift */,
				F87B6CE11C29BE9000D2C458 /* MemeTableViewCell.swift */,
			);
			name = TableView;
			sourceTree = "<group>";
		};
		F87B6CE31C29BEBE00D2C458 /* Detail */ = {
			isa = PBXGroup;
			children = (
				F87B6CDB1C29BD4100D2C458 /* MemeDetailViewController.swift */,
			);
			name = Detail;
			path = ImagePickerExperiment;
			sourceTree = "<group>";
		};
		F87B6CE41C29BECE00D2C458 /* EditorView */ = {
			isa = PBXGroup;
			children = (
				F86BD5F91BE65ADB0032E2C9 /* MemeEditorViewController.swift */,
			);
			name = EditorView;
			sourceTree = "<group>";
		};
		F87B6CE51C29BEE400D2C458 /* Model */ = {
			isa = PBXGroup;
			children = (
				F86A94091BFCDD1E00AF9B92 /* Meme.swift */,
			);
			name = Model;
			sourceTree = "<group>";
		};
/* End PBXGroup section */

/* Begin PBXNativeTarget section */
		F86BD5F31BE65ADB0032E2C9 /* ImagePickerExperiment */ = {
			isa = PBXNativeTarget;
			buildConfigurationList = F86BD6091BE65ADB0032E2C9 /* Build configuration list for PBXNativeTarget "ImagePickerExperiment" */;
			buildPhases = (
				F86BD5F01BE65ADB0032E2C9 /* Sources */,
				F86BD5F11BE65ADB0032E2C9 /* Frameworks */,
				F86BD5F21BE65ADB0032E2C9 /* Resources */,
			);
			buildRules = (
			);
			dependencies = (
			);
			name = ImagePickerExperiment;
			productName = ImagePickerExperiment;
			productReference = F86BD5F41BE65ADB0032E2C9 /* ImagePickerExperiment.app */;
			productType = "com.apple.product-type.application";
		};
/* End PBXNativeTarget section */

/* Begin PBXProject section */
		F86BD5EC1BE65ADB0032E2C9 /* Project object */ = {
			isa = PBXProject;
			attributes = {
				LastSwiftUpdateCheck = 0710;
				LastUpgradeCheck = 0710;
				ORGANIZATIONNAME = "moritz nossek";
				TargetAttributes = {
					F86BD5F31BE65ADB0032E2C9 = {
						CreatedOnToolsVersion = 7.1;
						DevelopmentTeam = GHJ24CU73M;
					};
				};
			};
			buildConfigurationList = F86BD5EF1BE65ADB0032E2C9 /* Build configuration list for PBXProject "ImagePickerExperiment" */;
			compatibilityVersion = "Xcode 3.2";
			developmentRegion = English;
			hasScannedForEncodings = 0;
			knownRegions = (
				en,
				Base,
			);
			mainGroup = F86BD5EB1BE65ADB0032E2C9;
			productRefGroup = F86BD5F51BE65ADB0032E2C9 /* Products */;
			projectDirPath = "";
			projectRoot = "";
			targets = (
				F86BD5F31BE65ADB0032E2C9 /* ImagePickerExperiment */,
			);
		};
/* End PBXProject section */

/* Begin PBXResourcesBuildPhase section */
		F86BD5F21BE65ADB0032E2C9 /* Resources */ = {
			isa = PBXResourcesBuildPhase;
			buildActionMask = 2147483647;
			files = (
				F86BD6051BE65ADB0032E2C9 /* LaunchScreen.storyboard in Resources */,
				F8A48F2D1C2DE1120060C0FE /* Assets.xcassets in Resources */,
				F86BD5FD1BE65ADB0032E2C9 /* Main.storyboard in Resources */,
			);
			runOnlyForDeploymentPostprocessing = 0;
		};
/* End PBXResourcesBuildPhase section */

/* Begin PBXSourcesBuildPhase section */
		F86BD5F01BE65ADB0032E2C9 /* Sources */ = {
			isa = PBXSourcesBuildPhase;
			buildActionMask = 2147483647;
			files = (
				F86BD5FA1BE65ADB0032E2C9 /* MemeEditorViewController.swift in Sources */,
				F87B6CDA1C29A90700D2C458 /* MemeTableViewController.swift in Sources */,
				F86BD6001BE65ADB0032E2C9 /* ImagePickerExperiment.xcdatamodeld in Sources */,
				F87B6CDF1C29BDE400D2C458 /* MemeCollectionViewCell.swift in Sources */,
				F86BD60E1BE92A130032E2C9 /* TextFieldDelegate.swift in Sources */,
				F86BD5F81BE65ADB0032E2C9 /* AppDelegate.swift in Sources */,
				F87B6CD81C29A8F700D2C458 /* MemeCollectionViewController.swift in Sources */,
				F87B6CE21C29BE9000D2C458 /* MemeTableViewCell.swift in Sources */,
				F86A940A1BFCDD1E00AF9B92 /* Meme.swift in Sources */,
				F87B6CDC1C29BD4100D2C458 /* MemeDetailViewController.swift in Sources */,
			);
			runOnlyForDeploymentPostprocessing = 0;
		};
/* End PBXSourcesBuildPhase section */

/* Begin PBXVariantGroup section */
		F86BD5FB1BE65ADB0032E2C9 /* Main.storyboard */ = {
			isa = PBXVariantGroup;
			children = (
				F86BD5FC1BE65ADB0032E2C9 /* Base */,
			);
			name = Main.storyboard;
			sourceTree = "<group>";
		};
		F86BD6031BE65ADB0032E2C9 /* LaunchScreen.storyboard */ = {
			isa = PBXVariantGroup;
			children = (
				F86BD6041BE65ADB0032E2C9 /* Base */,
			);
			name = LaunchScreen.storyboard;
			sourceTree = "<group>";
		};
/* End PBXVariantGroup section */

/* Begin XCBuildConfiguration section */
		F86BD6071BE65ADB0032E2C9 /* Debug */ = {
			isa = XCBuildConfiguration;
			buildSettings = {
				ALWAYS_SEARCH_USER_PATHS = NO;
				CLANG_CXX_LANGUAGE_STANDARD = "gnu++0x";
				CLANG_CXX_LIBRARY = "libc++";
				CLANG_ENABLE_MODULES = YES;
				CLANG_ENABLE_OBJC_ARC = YES;
				CLANG_WARN_BOOL_CONVERSION = YES;
				CLANG_WARN_CONSTANT_CONVERSION = YES;
				CLANG_WARN_DIRECT_OBJC_ISA_USAGE = YES_ERROR;
				CLANG_WARN_EMPTY_BODY = YES;
				CLANG_WARN_ENUM_CONVERSION = YES;
				CLANG_WARN_INT_CONVERSION = YES;
				CLANG_WARN_OBJC_ROOT_CLASS = YES_ERROR;
				CLANG_WARN_UNREACHABLE_CODE = YES;
				CLANG_WARN__DUPLICATE_METHOD_MATCH = YES;
				"CODE_SIGN_IDENTITY[sdk=iphoneos*]" = "iPhone Developer";
				COPY_PHASE_STRIP = NO;
				DEBUG_INFORMATION_FORMAT = dwarf;
				ENABLE_STRICT_OBJC_MSGSEND = YES;
				ENABLE_TESTABILITY = YES;
				GCC_C_LANGUAGE_STANDARD = gnu99;
				GCC_DYNAMIC_NO_PIC = NO;
				GCC_NO_COMMON_BLOCKS = YES;
				GCC_OPTIMIZATION_LEVEL = 0;
				GCC_PREPROCESSOR_DEFINITIONS = (
					"DEBUG=1",
					"$(inherited)",
				);
				GCC_WARN_64_TO_32_BIT_CONVERSION = YES;
				GCC_WARN_ABOUT_RETURN_TYPE = YES_ERROR;
				GCC_WARN_UNDECLARED_SELECTOR = YES;
				GCC_WARN_UNINITIALIZED_AUTOS = YES_AGGRESSIVE;
				GCC_WARN_UNUSED_FUNCTION = YES;
				GCC_WARN_UNUSED_VARIABLE = YES;
				IPHONEOS_DEPLOYMENT_TARGET = 9.1;
				MTL_ENABLE_DEBUG_INFO = YES;
				ONLY_ACTIVE_ARCH = YES;
				SDKROOT = iphoneos;
				SWIFT_OPTIMIZATION_LEVEL = "-Onone";
			};
			name = Debug;
		};
		F86BD6081BE65ADB0032E2C9 /* Release */ = {
			isa = XCBuildConfiguration;
			buildSettings = {
				ALWAYS_SEARCH_USER_PATHS = NO;
				CLANG_CXX_LANGUAGE_STANDARD = "gnu++0x";
				CLANG_CXX_LIBRARY = "libc++";
				CLANG_ENABLE_MODULES = YES;
				CLANG_ENABLE_OBJC_ARC = YES;
				CLANG_WARN_BOOL_CONVERSION = YES;
				CLANG_WARN_CONSTANT_CONVERSION = YES;
				CLANG_WARN_DIRECT_OBJC_ISA_USAGE = YES_ERROR;
				CLANG_WARN_EMPTY_BODY = YES;
				CLANG_WARN_ENUM_CONVERSION = YES;
				CLANG_WARN_INT_CONVERSION = YES;
				CLANG_WARN_OBJC_ROOT_CLASS = YES_ERROR;
				CLANG_WARN_UNREACHABLE_CODE = YES;
				CLANG_WARN__DUPLICATE_METHOD_MATCH = YES;
				"CODE_SIGN_IDENTITY[sdk=iphoneos*]" = "iPhone Developer";
				COPY_PHASE_STRIP = NO;
				DEBUG_INFORMATION_FORMAT = "dwarf-with-dsym";
				ENABLE_NS_ASSERTIONS = NO;
				ENABLE_STRICT_OBJC_MSGSEND = YES;
				GCC_C_LANGUAGE_STANDARD = gnu99;
				GCC_NO_COMMON_BLOCKS = YES;
				GCC_WARN_64_TO_32_BIT_CONVERSION = YES;
				GCC_WARN_ABOUT_RETURN_TYPE = YES_ERROR;
				GCC_WARN_UNDECLARED_SELECTOR = YES;
				GCC_WARN_UNINITIALIZED_AUTOS = YES_AGGRESSIVE;
				GCC_WARN_UNUSED_FUNCTION = YES;
				GCC_WARN_UNUSED_VARIABLE = YES;
				IPHONEOS_DEPLOYMENT_TARGET = 9.1;
				MTL_ENABLE_DEBUG_INFO = NO;
				SDKROOT = iphoneos;
				VALIDATE_PRODUCT = YES;
			};
			name = Release;
		};
		F86BD60A1BE65ADB0032E2C9 /* Debug */ = {
			isa = XCBuildConfiguration;
			buildSettings = {
				ASSETCATALOG_COMPILER_APPICON_NAME = AppIcon;
				INFOPLIST_FILE = ImagePickerExperiment/Info.plist;
				LD_RUNPATH_SEARCH_PATHS = "$(inherited) @executable_path/Frameworks";
				PRODUCT_BUNDLE_IDENTIFIER = private.ImagePickerExperiment;
				PRODUCT_NAME = "$(TARGET_NAME)";
			};
			name = Debug;
		};
		F86BD60B1BE65ADB0032E2C9 /* Release */ = {
			isa = XCBuildConfiguration;
			buildSettings = {
				ASSETCATALOG_COMPILER_APPICON_NAME = AppIcon;
				INFOPLIST_FILE = ImagePickerExperiment/Info.plist;
				LD_RUNPATH_SEARCH_PATHS = "$(inherited) @executable_path/Frameworks";
				PRODUCT_BUNDLE_IDENTIFIER = private.ImagePickerExperiment;
				PRODUCT_NAME = "$(TARGET_NAME)";
			};
			name = Release;
		};
/* End XCBuildConfiguration section */

/* Begin XCConfigurationList section */
		F86BD5EF1BE65ADB0032E2C9 /* Build configuration list for PBXProject "ImagePickerExperiment" */ = {
			isa = XCConfigurationList;
			buildConfigurations = (
				F86BD6071BE65ADB0032E2C9 /* Debug */,
				F86BD6081BE65ADB0032E2C9 /* Release */,
			);
			defaultConfigurationIsVisible = 0;
			defaultConfigurationName = Release;
		};
		F86BD6091BE65ADB0032E2C9 /* Build configuration list for PBXNativeTarget "ImagePickerExperiment" */ = {
			isa = XCConfigurationList;
			buildConfigurations = (
				F86BD60A1BE65ADB0032E2C9 /* Debug */,
				F86BD60B1BE65ADB0032E2C9 /* Release */,
			);
			defaultConfigurationIsVisible = 0;
			defaultConfigurationName = Release;
		};
/* End XCConfigurationList section */

/* Begin XCVersionGroup section */
		F86BD5FE1BE65ADB0032E2C9 /* ImagePickerExperiment.xcdatamodeld */ = {
			isa = XCVersionGroup;
			children = (
				F86BD5FF1BE65ADB0032E2C9 /* ImagePickerExperiment.xcdatamodel */,
			);
			currentVersion = F86BD5FF1BE65ADB0032E2C9 /* ImagePickerExperiment.xcdatamodel */;
			path = ImagePickerExperiment.xcdatamodeld;
			sourceTree = "<group>";
			versionGroupType = wrapper.xcdatamodel;
		};
/* End XCVersionGroup section */
	};
	rootObject = F86BD5EC1BE65ADB0032E2C9 /* Project object */;
}
